
Microsoft Visual Studio Solution File, Format Version 12.00
# Visual Studio 14
VisualStudioVersion = 14.0.25123.0
MinimumVisualStudioVersion = 10.0.40219.1
Project("{8BC9CEB8-8B4A-11D0-8D11-00A0C91BC942}") = "001", "001\001.vcxproj", "{345714E9-E17F-49A3-B1E7-5BC5D3535D7B}"
EndProject
Project("{8BC9CEB8-8B4A-11D0-8D11-00A0C91BC942}") = "004", "004\004.vcxproj", "{FC1C6DC3-1F91-42C1-8619-C416735C3E1A}"
EndProject
Project("{8BC9CEB8-8B4A-11D0-8D11-00A0C91BC942}") = "002", "002\002.vcxproj", "{1535FFE2-9395-4261-862E-0634BE43734A}"
EndProject
Project("{8BC9CEB8-8B4A-11D0-8D11-00A0C91BC942}") = "003", "003\003.vcxproj", "{841EDBA1-528B-469C-A56C-D7F9A5A13D0D}"
EndProject
Project("{8BC9CEB8-8B4A-11D0-8D11-00A0C91BC942}") = "005", "005\005.vcxproj", "{D0075BC9-D09A-44F7-AD4D-D1AEA594E6D5}"
EndProject
Project("{8BC9CEB8-8B4A-11D0-8D11-00A0C91BC942}") = "006", "006\006.vcxproj", "{9F0F5D71-0C07-45D3-95D9-D5DC33D4AC72}"
EndProject
Project("{8BC9CEB8-8B4A-11D0-8D11-00A0C91BC942}") = "007", "007\007.vcxproj", "{4060515B-7CC2-4434-A6A2-A639E5B403C7}"
EndProject
Project("{8BC9CEB8-8B4A-11D0-8D11-00A0C91BC942}") = "008", "008\008.vcxproj", "{E9518441-B946-40C6-A892-E57ED86A99AA}"
EndProject
Project("{8BC9CEB8-8B4A-11D0-8D11-00A0C91BC942}") = "009", "009\009.vcxproj", "{392F3A81-5374-45F2-B932-9646F2C5B283}"
EndProject
Project("{8BC9CEB8-8B4A-11D0-8D11-00A0C91BC942}") = "010", "010\010.vcxproj", "{DB00DA47-0D98-4F77-88C1-952D9F063999}"
EndProject
Project("{8BC9CEB8-8B4A-11D0-8D11-00A0C91BC942}") = "011", "011\011.vcxproj", "{778F840F-6EE8-4901-8020-BA50481526DC}"
EndProject
Project("{8BC9CEB8-8B4A-11D0-8D11-00A0C91BC942}") = "012", "012\012.vcxproj", "{616ADB66-A2FA-4F10-A15C-023C02D28807}"
EndProject
Project("{8BC9CEB8-8B4A-11D0-8D11-00A0C91BC942}") = "013", "013\013.vcxproj", "{AE13BCCE-85DA-49BA-B60D-23AF9F6C1E19}"
EndProject
Project("{8BC9CEB8-8B4A-11D0-8D11-00A0C91BC942}") = "014", "014\014.vcxproj", "{385F4FB7-273D-4A3B-8812-C261066675BF}"
EndProject
Project("{8BC9CEB8-8B4A-11D0-8D11-00A0C91BC942}") = "016", "016\016.vcxproj", "{0EAA2F6B-F942-41B8-9DA1-7C6A444EB07B}"
EndProject
Project("{8BC9CEB8-8B4A-11D0-8D11-00A0C91BC942}") = "017", "017\017.vcxproj", "{7BE91160-78A2-440F-B2BC-DCE3781B865F}"
EndProject
Project("{8BC9CEB8-8B4A-11D0-8D11-00A0C91BC942}") = "018", "018\018.vcxproj", "{4CC17E0C-F336-4F7C-8DA1-49E7A9FEA06D}"
EndProject
Project("{8BC9CEB8-8B4A-11D0-8D11-00A0C91BC942}") = "019", "019\019.vcxproj", "{04333970-336F-4A26-AE9E-427551DE2308}"
EndProject
Project("{8BC9CEB8-8B4A-11D0-8D11-00A0C91BC942}") = "020", "020\020.vcxproj", "{DDAB05A2-637D-45B4-9B96-F31CD34EABB6}"
EndProject
Project("{8BC9CEB8-8B4A-11D0-8D11-00A0C91BC942}") = "021", "021\021.vcxproj", "{23CF0E19-5C2A-4348-9182-64B15ABCA04F}"
EndProject
Project("{8BC9CEB8-8B4A-11D0-8D11-00A0C91BC942}") = "022", "022\022.vcxproj", "{4F59D278-2619-4EEA-AE84-D7E0DDD925A5}"
EndProject
Project("{8BC9CEB8-8B4A-11D0-8D11-00A0C91BC942}") = "024", "024\024.vcxproj", "{B255E06B-2C4B-4799-BC0E-C61162C6E082}"
EndProject
Project("{8BC9CEB8-8B4A-11D0-8D11-00A0C91BC942}") = "025", "025\025.vcxproj", "{23603F47-E8EC-465F-89DA-0EF581303D5D}"
EndProject
Project("{8BC9CEB8-8B4A-11D0-8D11-00A0C91BC942}") = "028", "028\028.vcxproj", "{2ADEAA13-8132-41ED-A4D8-3E6CE4895925}"
EndProject
Project("{8BC9CEB8-8B4A-11D0-8D11-00A0C91BC942}") = "029", "029\029.vcxproj", "{0ED94632-0AD3-4E1A-860E-732B04BB05E4}"
EndProject
Project("{8BC9CEB8-8B4A-11D0-8D11-00A0C91BC942}") = "034", "034\034.vcxproj", "{4BF97EB3-3889-4ACA-9D1F-B259AD6A7AA0}"
EndProject
Project("{8BC9CEB8-8B4A-11D0-8D11-00A0C91BC942}") = "035", "035\035.vcxproj", "{2D8C441E-1847-4505-85E4-9FADB9483372}"
EndProject
Project("{8BC9CEB8-8B4A-11D0-8D11-00A0C91BC942}") = "036", "036\036.vcxproj", "{19C2F0B5-882D-4F57-88C9-84031AB97B7A}"
EndProject
Project("{8BC9CEB8-8B4A-11D0-8D11-00A0C91BC942}") = "037", "037\037.vcxproj", "{B81847F5-0266-44F0-BE91-9875083F9C1A}"
EndProject
Project("{8BC9CEB8-8B4A-11D0-8D11-00A0C91BC942}") = "040", "040\040.vcxproj", "{39E21C41-EBAF-4E60-AD68-34A42AF5C5E5}"
EndProject
Project("{8BC9CEB8-8B4A-11D0-8D11-00A0C91BC942}") = "042", "042\042.vcxproj", "{FCE39546-FD36-44BB-8B3E-A13E7FC383B5}"
EndProject
Project("{8BC9CEB8-8B4A-11D0-8D11-00A0C91BC942}") = "048", "048\048.vcxproj", "{A5CCEDC7-6B35-4C75-96CC-7053D9B2B028}"
EndProject
Project("{8BC9CEB8-8B4A-11D0-8D11-00A0C91BC942}") = "067", "067\067.vcxproj", "{0B313BCF-4FA0-48F4-B37B-5A9828D2FFA6}"
EndProject
Project("{8BC9CEB8-8B4A-11D0-8D11-00A0C91BC942}") = "041", "041\041.vcxproj", "{4D72D4B5-1B93-4D8D-8097-96B770064294}"
EndProject
Project("{8BC9CEB8-8B4A-11D0-8D11-00A0C91BC942}") = "Utils", "Utils\Utils.vcxitems", "{45D41ACC-2C3C-43D2-BC10-02AA73FFC7C7}"
EndProject
Project("{8BC9CEB8-8B4A-11D0-8D11-00A0C91BC942}") = "GMP", "GMP\GMP.vcxitems", "{976A4758-F3B9-4B32-A43B-B831CE7E7B75}"
EndProject
Global
	GlobalSection(SharedMSBuildProjectFiles) = preSolution
		GMP\GMP.vcxitems*{0eaa2f6b-f942-41b8-9da1-7c6a444eb07b}*SharedItemsImports = 4
		GMP\GMP.vcxitems*{4060515b-7cc2-4434-a6a2-a639e5b403c7}*SharedItemsImports = 4
		GMP\GMP.vcxitems*{2d8c441e-1847-4505-85e4-9fadb9483372}*SharedItemsImports = 4
		GMP\GMP.vcxitems*{a5ccedc7-6b35-4c75-96cc-7053d9b2b028}*SharedItemsImports = 4
		Utils\Utils.vcxitems*{4d72d4b5-1b93-4d8d-8097-96b770064294}*SharedItemsImports = 4
		GMP\GMP.vcxitems*{4bf97eb3-3889-4aca-9d1f-b259ad6a7aa0}*SharedItemsImports = 4
		GMP\GMP.vcxitems*{23603f47-e8ec-465f-89da-0ef581303d5d}*SharedItemsImports = 4
		GMP\GMP.vcxitems*{976a4758-f3b9-4b32-a43b-b831ce7e7b75}*SharedItemsImports = 9
		GMP\GMP.vcxitems*{ae13bcce-85da-49ba-b60d-23af9f6c1e19}*SharedItemsImports = 4
		GMP\GMP.vcxitems*{19c2f0b5-882d-4f57-88c9-84031ab97b7a}*SharedItemsImports = 4
		GMP\GMP.vcxitems*{b81847f5-0266-44f0-be91-9875083f9c1a}*SharedItemsImports = 4
		Utils\Utils.vcxitems*{db00da47-0d98-4f77-88c1-952d9f063999}*SharedItemsImports = 4
		GMP\GMP.vcxitems*{ddab05a2-637d-45b4-9b96-f31cd34eabb6}*SharedItemsImports = 4
		Utils\Utils.vcxitems*{45d41acc-2c3c-43d2-bc10-02aa73ffc7c7}*SharedItemsImports = 9
		GMP\GMP.vcxitems*{0ed94632-0ad3-4e1a-860e-732b04bb05e4}*SharedItemsImports = 4
	EndGlobalSection
	GlobalSection(SolutionConfigurationPlatforms) = preSolution
		Debug|x64 = Debug|x64
		Debug|x86 = Debug|x86
		Release|x64 = Release|x64
		Release|x86 = Release|x86
	EndGlobalSection
	GlobalSection(ProjectConfigurationPlatforms) = postSolution
		{345714E9-E17F-49A3-B1E7-5BC5D3535D7B}.Debug|x64.ActiveCfg = Debug|x64
		{345714E9-E17F-49A3-B1E7-5BC5D3535D7B}.Debug|x64.Build.0 = Debug|x64
		{345714E9-E17F-49A3-B1E7-5BC5D3535D7B}.Debug|x86.ActiveCfg = Debug|Win32
		{345714E9-E17F-49A3-B1E7-5BC5D3535D7B}.Debug|x86.Build.0 = Debug|Win32
		{345714E9-E17F-49A3-B1E7-5BC5D3535D7B}.Release|x64.ActiveCfg = Release|x64
		{345714E9-E17F-49A3-B1E7-5BC5D3535D7B}.Release|x64.Build.0 = Release|x64
		{345714E9-E17F-49A3-B1E7-5BC5D3535D7B}.Release|x86.ActiveCfg = Release|Win32
		{345714E9-E17F-49A3-B1E7-5BC5D3535D7B}.Release|x86.Build.0 = Release|Win32
		{FC1C6DC3-1F91-42C1-8619-C416735C3E1A}.Debug|x64.ActiveCfg = Debug|x64
		{FC1C6DC3-1F91-42C1-8619-C416735C3E1A}.Debug|x64.Build.0 = Debug|x64
		{FC1C6DC3-1F91-42C1-8619-C416735C3E1A}.Debug|x86.ActiveCfg = Debug|Win32
		{FC1C6DC3-1F91-42C1-8619-C416735C3E1A}.Debug|x86.Build.0 = Debug|Win32
		{FC1C6DC3-1F91-42C1-8619-C416735C3E1A}.Release|x64.ActiveCfg = Release|x64
		{FC1C6DC3-1F91-42C1-8619-C416735C3E1A}.Release|x64.Build.0 = Release|x64
		{FC1C6DC3-1F91-42C1-8619-C416735C3E1A}.Release|x86.ActiveCfg = Release|Win32
		{FC1C6DC3-1F91-42C1-8619-C416735C3E1A}.Release|x86.Build.0 = Release|Win32
		{1535FFE2-9395-4261-862E-0634BE43734A}.Debug|x64.ActiveCfg = Debug|x64
		{1535FFE2-9395-4261-862E-0634BE43734A}.Debug|x64.Build.0 = Debug|x64
		{1535FFE2-9395-4261-862E-0634BE43734A}.Debug|x86.ActiveCfg = Debug|Win32
		{1535FFE2-9395-4261-862E-0634BE43734A}.Debug|x86.Build.0 = Debug|Win32
		{1535FFE2-9395-4261-862E-0634BE43734A}.Release|x64.ActiveCfg = Release|x64
		{1535FFE2-9395-4261-862E-0634BE43734A}.Release|x64.Build.0 = Release|x64
		{1535FFE2-9395-4261-862E-0634BE43734A}.Release|x86.ActiveCfg = Release|Win32
		{1535FFE2-9395-4261-862E-0634BE43734A}.Release|x86.Build.0 = Release|Win32
		{841EDBA1-528B-469C-A56C-D7F9A5A13D0D}.Debug|x64.ActiveCfg = Debug|x64
		{841EDBA1-528B-469C-A56C-D7F9A5A13D0D}.Debug|x64.Build.0 = Debug|x64
		{841EDBA1-528B-469C-A56C-D7F9A5A13D0D}.Debug|x86.ActiveCfg = Debug|Win32
		{841EDBA1-528B-469C-A56C-D7F9A5A13D0D}.Debug|x86.Build.0 = Debug|Win32
		{841EDBA1-528B-469C-A56C-D7F9A5A13D0D}.Release|x64.ActiveCfg = Release|x64
		{841EDBA1-528B-469C-A56C-D7F9A5A13D0D}.Release|x64.Build.0 = Release|x64
		{841EDBA1-528B-469C-A56C-D7F9A5A13D0D}.Release|x86.ActiveCfg = Release|Win32
		{841EDBA1-528B-469C-A56C-D7F9A5A13D0D}.Release|x86.Build.0 = Release|Win32
		{D0075BC9-D09A-44F7-AD4D-D1AEA594E6D5}.Debug|x64.ActiveCfg = Debug|x64
		{D0075BC9-D09A-44F7-AD4D-D1AEA594E6D5}.Debug|x64.Build.0 = Debug|x64
		{D0075BC9-D09A-44F7-AD4D-D1AEA594E6D5}.Debug|x86.ActiveCfg = Debug|Win32
		{D0075BC9-D09A-44F7-AD4D-D1AEA594E6D5}.Debug|x86.Build.0 = Debug|Win32
		{D0075BC9-D09A-44F7-AD4D-D1AEA594E6D5}.Release|x64.ActiveCfg = Release|x64
		{D0075BC9-D09A-44F7-AD4D-D1AEA594E6D5}.Release|x64.Build.0 = Release|x64
		{D0075BC9-D09A-44F7-AD4D-D1AEA594E6D5}.Release|x86.ActiveCfg = Release|Win32
		{D0075BC9-D09A-44F7-AD4D-D1AEA594E6D5}.Release|x86.Build.0 = Release|Win32
		{9F0F5D71-0C07-45D3-95D9-D5DC33D4AC72}.Debug|x64.ActiveCfg = Debug|x64
		{9F0F5D71-0C07-45D3-95D9-D5DC33D4AC72}.Debug|x64.Build.0 = Debug|x64
		{9F0F5D71-0C07-45D3-95D9-D5DC33D4AC72}.Debug|x86.ActiveCfg = Debug|Win32
		{9F0F5D71-0C07-45D3-95D9-D5DC33D4AC72}.Debug|x86.Build.0 = Debug|Win32
		{9F0F5D71-0C07-45D3-95D9-D5DC33D4AC72}.Release|x64.ActiveCfg = Release|x64
		{9F0F5D71-0C07-45D3-95D9-D5DC33D4AC72}.Release|x64.Build.0 = Release|x64
		{9F0F5D71-0C07-45D3-95D9-D5DC33D4AC72}.Release|x86.ActiveCfg = Release|Win32
		{9F0F5D71-0C07-45D3-95D9-D5DC33D4AC72}.Release|x86.Build.0 = Release|Win32
		{4060515B-7CC2-4434-A6A2-A639E5B403C7}.Debug|x64.ActiveCfg = Debug|x64
		{4060515B-7CC2-4434-A6A2-A639E5B403C7}.Debug|x64.Build.0 = Debug|x64
		{4060515B-7CC2-4434-A6A2-A639E5B403C7}.Debug|x86.ActiveCfg = Debug|Win32
		{4060515B-7CC2-4434-A6A2-A639E5B403C7}.Debug|x86.Build.0 = Debug|Win32
		{4060515B-7CC2-4434-A6A2-A639E5B403C7}.Release|x64.ActiveCfg = Release|x64
		{4060515B-7CC2-4434-A6A2-A639E5B403C7}.Release|x64.Build.0 = Release|x64
		{4060515B-7CC2-4434-A6A2-A639E5B403C7}.Release|x86.ActiveCfg = Release|Win32
		{4060515B-7CC2-4434-A6A2-A639E5B403C7}.Release|x86.Build.0 = Release|Win32
		{E9518441-B946-40C6-A892-E57ED86A99AA}.Debug|x64.ActiveCfg = Debug|x64
		{E9518441-B946-40C6-A892-E57ED86A99AA}.Debug|x64.Build.0 = Debug|x64
		{E9518441-B946-40C6-A892-E57ED86A99AA}.Debug|x86.ActiveCfg = Debug|Win32
		{E9518441-B946-40C6-A892-E57ED86A99AA}.Debug|x86.Build.0 = Debug|Win32
		{E9518441-B946-40C6-A892-E57ED86A99AA}.Release|x64.ActiveCfg = Release|x64
		{E9518441-B946-40C6-A892-E57ED86A99AA}.Release|x64.Build.0 = Release|x64
		{E9518441-B946-40C6-A892-E57ED86A99AA}.Release|x86.ActiveCfg = Release|Win32
		{E9518441-B946-40C6-A892-E57ED86A99AA}.Release|x86.Build.0 = Release|Win32
		{392F3A81-5374-45F2-B932-9646F2C5B283}.Debug|x64.ActiveCfg = Debug|x64
		{392F3A81-5374-45F2-B932-9646F2C5B283}.Debug|x64.Build.0 = Debug|x64
		{392F3A81-5374-45F2-B932-9646F2C5B283}.Debug|x86.ActiveCfg = Debug|Win32
		{392F3A81-5374-45F2-B932-9646F2C5B283}.Debug|x86.Build.0 = Debug|Win32
		{392F3A81-5374-45F2-B932-9646F2C5B283}.Release|x64.ActiveCfg = Release|x64
		{392F3A81-5374-45F2-B932-9646F2C5B283}.Release|x64.Build.0 = Release|x64
		{392F3A81-5374-45F2-B932-9646F2C5B283}.Release|x86.ActiveCfg = Release|Win32
		{392F3A81-5374-45F2-B932-9646F2C5B283}.Release|x86.Build.0 = Release|Win32
		{DB00DA47-0D98-4F77-88C1-952D9F063999}.Debug|x64.ActiveCfg = Debug|x64
		{DB00DA47-0D98-4F77-88C1-952D9F063999}.Debug|x64.Build.0 = Debug|x64
		{DB00DA47-0D98-4F77-88C1-952D9F063999}.Debug|x86.ActiveCfg = Debug|Win32
		{DB00DA47-0D98-4F77-88C1-952D9F063999}.Debug|x86.Build.0 = Debug|Win32
		{DB00DA47-0D98-4F77-88C1-952D9F063999}.Release|x64.ActiveCfg = Release|x64
		{DB00DA47-0D98-4F77-88C1-952D9F063999}.Release|x64.Build.0 = Release|x64
		{DB00DA47-0D98-4F77-88C1-952D9F063999}.Release|x86.ActiveCfg = Release|Win32
		{DB00DA47-0D98-4F77-88C1-952D9F063999}.Release|x86.Build.0 = Release|Win32
		{778F840F-6EE8-4901-8020-BA50481526DC}.Debug|x64.ActiveCfg = Debug|x64
		{778F840F-6EE8-4901-8020-BA50481526DC}.Debug|x64.Build.0 = Debug|x64
		{778F840F-6EE8-4901-8020-BA50481526DC}.Debug|x86.ActiveCfg = Debug|Win32
		{778F840F-6EE8-4901-8020-BA50481526DC}.Debug|x86.Build.0 = Debug|Win32
		{778F840F-6EE8-4901-8020-BA50481526DC}.Release|x64.ActiveCfg = Release|x64
		{778F840F-6EE8-4901-8020-BA50481526DC}.Release|x64.Build.0 = Release|x64
		{778F840F-6EE8-4901-8020-BA50481526DC}.Release|x86.ActiveCfg = Release|Win32
		{778F840F-6EE8-4901-8020-BA50481526DC}.Release|x86.Build.0 = Release|Win32
		{616ADB66-A2FA-4F10-A15C-023C02D28807}.Debug|x64.ActiveCfg = Debug|x64
		{616ADB66-A2FA-4F10-A15C-023C02D28807}.Debug|x64.Build.0 = Debug|x64
		{616ADB66-A2FA-4F10-A15C-023C02D28807}.Debug|x86.ActiveCfg = Debug|Win32
		{616ADB66-A2FA-4F10-A15C-023C02D28807}.Debug|x86.Build.0 = Debug|Win32
		{616ADB66-A2FA-4F10-A15C-023C02D28807}.Release|x64.ActiveCfg = Release|x64
		{616ADB66-A2FA-4F10-A15C-023C02D28807}.Release|x64.Build.0 = Release|x64
		{616ADB66-A2FA-4F10-A15C-023C02D28807}.Release|x86.ActiveCfg = Release|Win32
		{616ADB66-A2FA-4F10-A15C-023C02D28807}.Release|x86.Build.0 = Release|Win32
		{AE13BCCE-85DA-49BA-B60D-23AF9F6C1E19}.Debug|x64.ActiveCfg = Debug|x64
		{AE13BCCE-85DA-49BA-B60D-23AF9F6C1E19}.Debug|x64.Build.0 = Debug|x64
		{AE13BCCE-85DA-49BA-B60D-23AF9F6C1E19}.Debug|x86.ActiveCfg = Debug|Win32
		{AE13BCCE-85DA-49BA-B60D-23AF9F6C1E19}.Debug|x86.Build.0 = Debug|Win32
		{AE13BCCE-85DA-49BA-B60D-23AF9F6C1E19}.Release|x64.ActiveCfg = Release|x64
		{AE13BCCE-85DA-49BA-B60D-23AF9F6C1E19}.Release|x64.Build.0 = Release|x64
		{AE13BCCE-85DA-49BA-B60D-23AF9F6C1E19}.Release|x86.ActiveCfg = Release|Win32
		{AE13BCCE-85DA-49BA-B60D-23AF9F6C1E19}.Release|x86.Build.0 = Release|Win32
		{385F4FB7-273D-4A3B-8812-C261066675BF}.Debug|x64.ActiveCfg = Debug|x64
		{385F4FB7-273D-4A3B-8812-C261066675BF}.Debug|x64.Build.0 = Debug|x64
		{385F4FB7-273D-4A3B-8812-C261066675BF}.Debug|x86.ActiveCfg = Debug|Win32
		{385F4FB7-273D-4A3B-8812-C261066675BF}.Debug|x86.Build.0 = Debug|Win32
		{385F4FB7-273D-4A3B-8812-C261066675BF}.Release|x64.ActiveCfg = Release|x64
		{385F4FB7-273D-4A3B-8812-C261066675BF}.Release|x64.Build.0 = Release|x64
		{385F4FB7-273D-4A3B-8812-C261066675BF}.Release|x86.ActiveCfg = Release|Win32
		{385F4FB7-273D-4A3B-8812-C261066675BF}.Release|x86.Build.0 = Release|Win32
		{0EAA2F6B-F942-41B8-9DA1-7C6A444EB07B}.Debug|x64.ActiveCfg = Debug|x64
		{0EAA2F6B-F942-41B8-9DA1-7C6A444EB07B}.Debug|x64.Build.0 = Debug|x64
		{0EAA2F6B-F942-41B8-9DA1-7C6A444EB07B}.Debug|x86.ActiveCfg = Debug|Win32
		{0EAA2F6B-F942-41B8-9DA1-7C6A444EB07B}.Debug|x86.Build.0 = Debug|Win32
		{0EAA2F6B-F942-41B8-9DA1-7C6A444EB07B}.Release|x64.ActiveCfg = Release|x64
		{0EAA2F6B-F942-41B8-9DA1-7C6A444EB07B}.Release|x64.Build.0 = Release|x64
		{0EAA2F6B-F942-41B8-9DA1-7C6A444EB07B}.Release|x86.ActiveCfg = Release|Win32
		{0EAA2F6B-F942-41B8-9DA1-7C6A444EB07B}.Release|x86.Build.0 = Release|Win32
		{7BE91160-78A2-440F-B2BC-DCE3781B865F}.Debug|x64.ActiveCfg = Debug|x64
		{7BE91160-78A2-440F-B2BC-DCE3781B865F}.Debug|x64.Build.0 = Debug|x64
		{7BE91160-78A2-440F-B2BC-DCE3781B865F}.Debug|x86.ActiveCfg = Debug|Win32
		{7BE91160-78A2-440F-B2BC-DCE3781B865F}.Debug|x86.Build.0 = Debug|Win32
		{7BE91160-78A2-440F-B2BC-DCE3781B865F}.Release|x64.ActiveCfg = Release|x64
		{7BE91160-78A2-440F-B2BC-DCE3781B865F}.Release|x64.Build.0 = Release|x64
		{7BE91160-78A2-440F-B2BC-DCE3781B865F}.Release|x86.ActiveCfg = Release|Win32
		{7BE91160-78A2-440F-B2BC-DCE3781B865F}.Release|x86.Build.0 = Release|Win32
		{4CC17E0C-F336-4F7C-8DA1-49E7A9FEA06D}.Debug|x64.ActiveCfg = Debug|x64
		{4CC17E0C-F336-4F7C-8DA1-49E7A9FEA06D}.Debug|x64.Build.0 = Debug|x64
		{4CC17E0C-F336-4F7C-8DA1-49E7A9FEA06D}.Debug|x86.ActiveCfg = Debug|Win32
		{4CC17E0C-F336-4F7C-8DA1-49E7A9FEA06D}.Debug|x86.Build.0 = Debug|Win32
		{4CC17E0C-F336-4F7C-8DA1-49E7A9FEA06D}.Release|x64.ActiveCfg = Release|x64
		{4CC17E0C-F336-4F7C-8DA1-49E7A9FEA06D}.Release|x64.Build.0 = Release|x64
		{4CC17E0C-F336-4F7C-8DA1-49E7A9FEA06D}.Release|x86.ActiveCfg = Release|Win32
		{4CC17E0C-F336-4F7C-8DA1-49E7A9FEA06D}.Release|x86.Build.0 = Release|Win32
		{04333970-336F-4A26-AE9E-427551DE2308}.Debug|x64.ActiveCfg = Debug|x64
		{04333970-336F-4A26-AE9E-427551DE2308}.Debug|x64.Build.0 = Debug|x64
		{04333970-336F-4A26-AE9E-427551DE2308}.Debug|x86.ActiveCfg = Debug|Win32
		{04333970-336F-4A26-AE9E-427551DE2308}.Debug|x86.Build.0 = Debug|Win32
		{04333970-336F-4A26-AE9E-427551DE2308}.Release|x64.ActiveCfg = Release|x64
		{04333970-336F-4A26-AE9E-427551DE2308}.Release|x64.Build.0 = Release|x64
		{04333970-336F-4A26-AE9E-427551DE2308}.Release|x86.ActiveCfg = Release|Win32
		{04333970-336F-4A26-AE9E-427551DE2308}.Release|x86.Build.0 = Release|Win32
		{DDAB05A2-637D-45B4-9B96-F31CD34EABB6}.Debug|x64.ActiveCfg = Debug|x64
		{DDAB05A2-637D-45B4-9B96-F31CD34EABB6}.Debug|x64.Build.0 = Debug|x64
		{DDAB05A2-637D-45B4-9B96-F31CD34EABB6}.Debug|x86.ActiveCfg = Debug|Win32
		{DDAB05A2-637D-45B4-9B96-F31CD34EABB6}.Debug|x86.Build.0 = Debug|Win32
		{DDAB05A2-637D-45B4-9B96-F31CD34EABB6}.Release|x64.ActiveCfg = Release|x64
		{DDAB05A2-637D-45B4-9B96-F31CD34EABB6}.Release|x64.Build.0 = Release|x64
		{DDAB05A2-637D-45B4-9B96-F31CD34EABB6}.Release|x86.ActiveCfg = Release|Win32
		{DDAB05A2-637D-45B4-9B96-F31CD34EABB6}.Release|x86.Build.0 = Release|Win32
		{23CF0E19-5C2A-4348-9182-64B15ABCA04F}.Debug|x64.ActiveCfg = Debug|x64
		{23CF0E19-5C2A-4348-9182-64B15ABCA04F}.Debug|x64.Build.0 = Debug|x64
		{23CF0E19-5C2A-4348-9182-64B15ABCA04F}.Debug|x86.ActiveCfg = Debug|Win32
		{23CF0E19-5C2A-4348-9182-64B15ABCA04F}.Debug|x86.Build.0 = Debug|Win32
		{23CF0E19-5C2A-4348-9182-64B15ABCA04F}.Release|x64.ActiveCfg = Release|x64
		{23CF0E19-5C2A-4348-9182-64B15ABCA04F}.Release|x64.Build.0 = Release|x64
		{23CF0E19-5C2A-4348-9182-64B15ABCA04F}.Release|x86.ActiveCfg = Release|Win32
		{23CF0E19-5C2A-4348-9182-64B15ABCA04F}.Release|x86.Build.0 = Release|Win32
		{4F59D278-2619-4EEA-AE84-D7E0DDD925A5}.Debug|x64.ActiveCfg = Debug|x64
		{4F59D278-2619-4EEA-AE84-D7E0DDD925A5}.Debug|x64.Build.0 = Debug|x64
		{4F59D278-2619-4EEA-AE84-D7E0DDD925A5}.Debug|x86.ActiveCfg = Debug|Win32
		{4F59D278-2619-4EEA-AE84-D7E0DDD925A5}.Debug|x86.Build.0 = Debug|Win32
		{4F59D278-2619-4EEA-AE84-D7E0DDD925A5}.Release|x64.ActiveCfg = Release|x64
		{4F59D278-2619-4EEA-AE84-D7E0DDD925A5}.Release|x64.Build.0 = Release|x64
		{4F59D278-2619-4EEA-AE84-D7E0DDD925A5}.Release|x86.ActiveCfg = Release|Win32
		{4F59D278-2619-4EEA-AE84-D7E0DDD925A5}.Release|x86.Build.0 = Release|Win32
		{B255E06B-2C4B-4799-BC0E-C61162C6E082}.Debug|x64.ActiveCfg = Debug|x64
		{B255E06B-2C4B-4799-BC0E-C61162C6E082}.Debug|x64.Build.0 = Debug|x64
		{B255E06B-2C4B-4799-BC0E-C61162C6E082}.Debug|x86.ActiveCfg = Debug|Win32
		{B255E06B-2C4B-4799-BC0E-C61162C6E082}.Debug|x86.Build.0 = Debug|Win32
		{B255E06B-2C4B-4799-BC0E-C61162C6E082}.Release|x64.ActiveCfg = Release|x64
		{B255E06B-2C4B-4799-BC0E-C61162C6E082}.Release|x64.Build.0 = Release|x64
		{B255E06B-2C4B-4799-BC0E-C61162C6E082}.Release|x86.ActiveCfg = Release|Win32
		{B255E06B-2C4B-4799-BC0E-C61162C6E082}.Release|x86.Build.0 = Release|Win32
		{23603F47-E8EC-465F-89DA-0EF581303D5D}.Debug|x64.ActiveCfg = Debug|x64
		{23603F47-E8EC-465F-89DA-0EF581303D5D}.Debug|x64.Build.0 = Debug|x64
		{23603F47-E8EC-465F-89DA-0EF581303D5D}.Debug|x86.ActiveCfg = Debug|Win32
		{23603F47-E8EC-465F-89DA-0EF581303D5D}.Debug|x86.Build.0 = Debug|Win32
		{23603F47-E8EC-465F-89DA-0EF581303D5D}.Release|x64.ActiveCfg = Release|x64
		{23603F47-E8EC-465F-89DA-0EF581303D5D}.Release|x64.Build.0 = Release|x64
		{23603F47-E8EC-465F-89DA-0EF581303D5D}.Release|x86.ActiveCfg = Release|Win32
		{23603F47-E8EC-465F-89DA-0EF581303D5D}.Release|x86.Build.0 = Release|Win32
		{2ADEAA13-8132-41ED-A4D8-3E6CE4895925}.Debug|x64.ActiveCfg = Debug|x64
		{2ADEAA13-8132-41ED-A4D8-3E6CE4895925}.Debug|x64.Build.0 = Debug|x64
		{2ADEAA13-8132-41ED-A4D8-3E6CE4895925}.Debug|x86.ActiveCfg = Debug|Win32
		{2ADEAA13-8132-41ED-A4D8-3E6CE4895925}.Debug|x86.Build.0 = Debug|Win32
		{2ADEAA13-8132-41ED-A4D8-3E6CE4895925}.Release|x64.ActiveCfg = Release|x64
		{2ADEAA13-8132-41ED-A4D8-3E6CE4895925}.Release|x64.Build.0 = Release|x64
		{2ADEAA13-8132-41ED-A4D8-3E6CE4895925}.Release|x86.ActiveCfg = Release|Win32
		{2ADEAA13-8132-41ED-A4D8-3E6CE4895925}.Release|x86.Build.0 = Release|Win32
		{0ED94632-0AD3-4E1A-860E-732B04BB05E4}.Debug|x64.ActiveCfg = Debug|x64
		{0ED94632-0AD3-4E1A-860E-732B04BB05E4}.Debug|x64.Build.0 = Debug|x64
		{0ED94632-0AD3-4E1A-860E-732B04BB05E4}.Debug|x86.ActiveCfg = Debug|Win32
		{0ED94632-0AD3-4E1A-860E-732B04BB05E4}.Debug|x86.Build.0 = Debug|Win32
		{0ED94632-0AD3-4E1A-860E-732B04BB05E4}.Release|x64.ActiveCfg = Release|x64
		{0ED94632-0AD3-4E1A-860E-732B04BB05E4}.Release|x64.Build.0 = Release|x64
		{0ED94632-0AD3-4E1A-860E-732B04BB05E4}.Release|x86.ActiveCfg = Release|Win32
		{0ED94632-0AD3-4E1A-860E-732B04BB05E4}.Release|x86.Build.0 = Release|Win32
		{4BF97EB3-3889-4ACA-9D1F-B259AD6A7AA0}.Debug|x64.ActiveCfg = Debug|x64
		{4BF97EB3-3889-4ACA-9D1F-B259AD6A7AA0}.Debug|x64.Build.0 = Debug|x64
		{4BF97EB3-3889-4ACA-9D1F-B259AD6A7AA0}.Debug|x86.ActiveCfg = Debug|Win32
		{4BF97EB3-3889-4ACA-9D1F-B259AD6A7AA0}.Debug|x86.Build.0 = Debug|Win32
		{4BF97EB3-3889-4ACA-9D1F-B259AD6A7AA0}.Release|x64.ActiveCfg = Release|x64
		{4BF97EB3-3889-4ACA-9D1F-B259AD6A7AA0}.Release|x64.Build.0 = Release|x64
		{4BF97EB3-3889-4ACA-9D1F-B259AD6A7AA0}.Release|x86.ActiveCfg = Release|Win32
		{4BF97EB3-3889-4ACA-9D1F-B259AD6A7AA0}.Release|x86.Build.0 = Release|Win32
		{2D8C441E-1847-4505-85E4-9FADB9483372}.Debug|x64.ActiveCfg = Debug|x64
		{2D8C441E-1847-4505-85E4-9FADB9483372}.Debug|x64.Build.0 = Debug|x64
		{2D8C441E-1847-4505-85E4-9FADB9483372}.Debug|x86.ActiveCfg = Debug|Win32
		{2D8C441E-1847-4505-85E4-9FADB9483372}.Debug|x86.Build.0 = Debug|Win32
		{2D8C441E-1847-4505-85E4-9FADB9483372}.Release|x64.ActiveCfg = Release|x64
		{2D8C441E-1847-4505-85E4-9FADB9483372}.Release|x64.Build.0 = Release|x64
		{2D8C441E-1847-4505-85E4-9FADB9483372}.Release|x86.ActiveCfg = Release|Win32
		{2D8C441E-1847-4505-85E4-9FADB9483372}.Release|x86.Build.0 = Release|Win32
		{19C2F0B5-882D-4F57-88C9-84031AB97B7A}.Debug|x64.ActiveCfg = Debug|x64
		{19C2F0B5-882D-4F57-88C9-84031AB97B7A}.Debug|x64.Build.0 = Debug|x64
		{19C2F0B5-882D-4F57-88C9-84031AB97B7A}.Debug|x86.ActiveCfg = Debug|Win32
		{19C2F0B5-882D-4F57-88C9-84031AB97B7A}.Debug|x86.Build.0 = Debug|Win32
		{19C2F0B5-882D-4F57-88C9-84031AB97B7A}.Release|x64.ActiveCfg = Release|x64
		{19C2F0B5-882D-4F57-88C9-84031AB97B7A}.Release|x64.Build.0 = Release|x64
		{19C2F0B5-882D-4F57-88C9-84031AB97B7A}.Release|x86.ActiveCfg = Release|Win32
		{19C2F0B5-882D-4F57-88C9-84031AB97B7A}.Release|x86.Build.0 = Release|Win32
		{B81847F5-0266-44F0-BE91-9875083F9C1A}.Debug|x64.ActiveCfg = Debug|x64
		{B81847F5-0266-44F0-BE91-9875083F9C1A}.Debug|x64.Build.0 = Debug|x64
		{B81847F5-0266-44F0-BE91-9875083F9C1A}.Debug|x86.ActiveCfg = Debug|Win32
		{B81847F5-0266-44F0-BE91-9875083F9C1A}.Debug|x86.Build.0 = Debug|Win32
		{B81847F5-0266-44F0-BE91-9875083F9C1A}.Release|x64.ActiveCfg = Release|x64
		{B81847F5-0266-44F0-BE91-9875083F9C1A}.Release|x64.Build.0 = Release|x64
		{B81847F5-0266-44F0-BE91-9875083F9C1A}.Release|x86.ActiveCfg = Release|Win32
		{B81847F5-0266-44F0-BE91-9875083F9C1A}.Release|x86.Build.0 = Release|Win32
		{39E21C41-EBAF-4E60-AD68-34A42AF5C5E5}.Debug|x64.ActiveCfg = Debug|x64
		{39E21C41-EBAF-4E60-AD68-34A42AF5C5E5}.Debug|x64.Build.0 = Debug|x64
		{39E21C41-EBAF-4E60-AD68-34A42AF5C5E5}.Debug|x86.ActiveCfg = Debug|Win32
		{39E21C41-EBAF-4E60-AD68-34A42AF5C5E5}.Debug|x86.Build.0 = Debug|Win32
		{39E21C41-EBAF-4E60-AD68-34A42AF5C5E5}.Release|x64.ActiveCfg = Release|x64
		{39E21C41-EBAF-4E60-AD68-34A42AF5C5E5}.Release|x64.Build.0 = Release|x64
		{39E21C41-EBAF-4E60-AD68-34A42AF5C5E5}.Release|x86.ActiveCfg = Release|Win32
		{39E21C41-EBAF-4E60-AD68-34A42AF5C5E5}.Release|x86.Build.0 = Release|Win32
		{FCE39546-FD36-44BB-8B3E-A13E7FC383B5}.Debug|x64.ActiveCfg = Debug|x64
		{FCE39546-FD36-44BB-8B3E-A13E7FC383B5}.Debug|x64.Build.0 = Debug|x64
		{FCE39546-FD36-44BB-8B3E-A13E7FC383B5}.Debug|x86.ActiveCfg = Debug|Win32
		{FCE39546-FD36-44BB-8B3E-A13E7FC383B5}.Debug|x86.Build.0 = Debug|Win32
		{FCE39546-FD36-44BB-8B3E-A13E7FC383B5}.Release|x64.ActiveCfg = Release|x64
		{FCE39546-FD36-44BB-8B3E-A13E7FC383B5}.Release|x64.Build.0 = Release|x64
		{FCE39546-FD36-44BB-8B3E-A13E7FC383B5}.Release|x86.ActiveCfg = Release|Win32
		{FCE39546-FD36-44BB-8B3E-A13E7FC383B5}.Release|x86.Build.0 = Release|Win32
		{A5CCEDC7-6B35-4C75-96CC-7053D9B2B028}.Debug|x64.ActiveCfg = Debug|x64
		{A5CCEDC7-6B35-4C75-96CC-7053D9B2B028}.Debug|x64.Build.0 = Debug|x64
		{A5CCEDC7-6B35-4C75-96CC-7053D9B2B028}.Debug|x86.ActiveCfg = Debug|Win32
		{A5CCEDC7-6B35-4C75-96CC-7053D9B2B028}.Debug|x86.Build.0 = Debug|Win32
		{A5CCEDC7-6B35-4C75-96CC-7053D9B2B028}.Release|x64.ActiveCfg = Release|x64
		{A5CCEDC7-6B35-4C75-96CC-7053D9B2B028}.Release|x64.Build.0 = Release|x64
		{A5CCEDC7-6B35-4C75-96CC-7053D9B2B028}.Release|x86.ActiveCfg = Release|Win32
		{A5CCEDC7-6B35-4C75-96CC-7053D9B2B028}.Release|x86.Build.0 = Release|Win32
		{0B313BCF-4FA0-48F4-B37B-5A9828D2FFA6}.Debug|x64.ActiveCfg = Debug|x64
		{0B313BCF-4FA0-48F4-B37B-5A9828D2FFA6}.Debug|x64.Build.0 = Debug|x64
		{0B313BCF-4FA0-48F4-B37B-5A9828D2FFA6}.Debug|x86.ActiveCfg = Debug|Win32
		{0B313BCF-4FA0-48F4-B37B-5A9828D2FFA6}.Debug|x86.Build.0 = Debug|Win32
		{0B313BCF-4FA0-48F4-B37B-5A9828D2FFA6}.Release|x64.ActiveCfg = Release|x64
		{0B313BCF-4FA0-48F4-B37B-5A9828D2FFA6}.Release|x64.Build.0 = Release|x64
		{0B313BCF-4FA0-48F4-B37B-5A9828D2FFA6}.Release|x86.ActiveCfg = Release|Win32
		{0B313BCF-4FA0-48F4-B37B-5A9828D2FFA6}.Release|x86.Build.0 = Release|Win32
		{4D72D4B5-1B93-4D8D-8097-96B770064294}.Debug|x64.ActiveCfg = Debug|x64
		{4D72D4B5-1B93-4D8D-8097-96B770064294}.Debug|x64.Build.0 = Debug|x64
		{4D72D4B5-1B93-4D8D-8097-96B770064294}.Debug|x86.ActiveCfg = Debug|Win32
		{4D72D4B5-1B93-4D8D-8097-96B770064294}.Debug|x86.Build.0 = Debug|Win32
		{4D72D4B5-1B93-4D8D-8097-96B770064294}.Release|x64.ActiveCfg = Release|x64
		{4D72D4B5-1B93-4D8D-8097-96B770064294}.Release|x64.Build.0 = Release|x64
		{4D72D4B5-1B93-4D8D-8097-96B770064294}.Release|x86.ActiveCfg = Release|Win32
		{4D72D4B5-1B93-4D8D-8097-96B770064294}.Release|x86.Build.0 = Release|Win32
	EndGlobalSection
	GlobalSection(SolutionProperties) = preSolution
		HideSolutionNode = FALSE
	EndGlobalSection
EndGlobal
